dependencies:
  idf:
    source:
      type: idf
    version: 5.4.1
  lvgl/lvgl:
    component_hash: d7c1ac037ae6e85d94897f807d6e7ba0946a83e720074fc95a4f6241da9f9f53
    dependencies: []
    source:
      registry_url: https://components.espressif.com/
      type: service
    version: 8.4.0
direct_dependencies:
- lvgl/lvgl
manifest_hash: d78dc3dd48e6192aa9c71cfd5fe166b9961979e7015fe9174bb6619ab6470b29
target: esp32
version: 2.0.0
